
Microsoft Visual Studio Solution File, Format Version 12.00
# Visual Studio Version 17
VisualStudioVersion = 17.8.34408.163
MinimumVisualStudioVersion = 10.0.40219.1
Project("{8BC9CEB8-8B4A-11D0-8D11-00A0C91BC942}") = "LoginAndRegister", "LoginAndRegister.vcxproj", "{FC5DD50B-564F-46CA-B122-866759D64A3A}"
EndProject
Global
	GlobalSection(SolutionConfigurationPlatforms) = preSolution
		Debug|x64 = Debug|x64
		Debug|x86 = Debug|x86
		Release|x64 = Release|x64
		Release|x86 = Release|x86
	EndGlobalSection
	GlobalSection(ProjectConfigurationPlatforms) = postSolution
		{FC5DD50B-564F-46CA-B122-866759D64A3A}.Debug|x64.ActiveCfg = Debug|x64
		{FC5DD50B-564F-46CA-B122-866759D64A3A}.Debug|x64.Build.0 = Debug|x64
		{FC5DD50B-564F-46CA-B122-866759D64A3A}.Debug|x86.ActiveCfg = Debug|Win32
		{FC5DD50B-564F-46CA-B122-866759D64A3A}.Debug|x86.Build.0 = Debug|Win32
		{FC5DD50B-564F-46CA-B122-866759D64A3A}.Release|x64.ActiveCfg = Release|x64
		{FC5DD50B-564F-46CA-B122-866759D64A3A}.Release|x64.Build.0 = Release|x64
		{FC5DD50B-564F-46CA-B122-866759D64A3A}.Release|x86.ActiveCfg = Release|Win32
		{FC5DD50B-564F-46CA-B122-866759D64A3A}.Release|x86.Build.0 = Release|Win32
	EndGlobalSection
	GlobalSection(SolutionProperties) = preSolution
		HideSolutionNode = FALSE
	EndGlobalSection
	GlobalSection(ExtensibilityGlobals) = postSolution
		SolutionGuid = {1300BE68-D29A-4FE7-B4E3-D656B4E8A038}
	EndGlobalSection
EndGlobal
